schema: '2.0'
stages:
  data_ingestion:
    cmd: python3 src/data_ingestion.py
    deps:
    - path: src/data_ingestion.py
      hash: md5
      md5: 40f904184025369eedfb33de67b89ffc
      size: 2875
    outs:
    - path: data/raw
      hash: md5
      md5: 6a4d11ab83c20d7412f4696595c0b4d1.dir
      size: 479272
      nfiles: 2
  data_preprocessing:
    cmd: python3 src/data_preprocessing.py
    deps:
    - path: data/raw
      hash: md5
      md5: 6a4d11ab83c20d7412f4696595c0b4d1.dir
      size: 479272
      nfiles: 2
    - path: src/data_preprocessing.py
      hash: md5
      md5: a6237601eeb0babc128695537ce2b7a0
      size: 3877
    outs:
    - path: data/interim
      hash: md5
      md5: d3f80ea917209a657caed01201ee2780.dir
      size: 254818
      nfiles: 2
  feature_engineering:
    cmd: python3 src/feature_engineering.py
    deps:
    - path: data/interim
      hash: md5
      md5: d3f80ea917209a657caed01201ee2780.dir
      size: 254818
      nfiles: 2
    - path: src/feature_engineering.py
      hash: md5
      md5: 17afd40b6a2f81c3e1f06a078020dfab
      size: 3111
    outs:
    - path: data/processed
      hash: md5
      md5: 9e6230554d4beb29266909bded6b9da8.dir
      size: 1174757
      nfiles: 2
  model_building:
    cmd: python3 src/model_building.py
    deps:
    - path: data/processed
      hash: md5
      md5: 9e6230554d4beb29266909bded6b9da8.dir
      size: 1174757
      nfiles: 2
    - path: src/model_building.py
      hash: md5
      md5: c011849a4dd82c0383a59631c02f726e
      size: 3721
    outs:
    - path: models/model.pkl
      hash: md5
      md5: 28b871417f7a55481e7da83c5dc1ed55
      size: 998379
  model_evaluation:
    cmd: python3 src/model_evaluation.py
    deps:
    - path: models/model.pkl
      hash: md5
      md5: 28b871417f7a55481e7da83c5dc1ed55
      size: 998379
    - path: src/model_evaluation.py
      hash: md5
      md5: 676217a7b866416430e35ef4b0b4f5e3
      size: 3518
    outs:
    - path: reports/metrics.json
      hash: md5
      md5: b5787b27ec5636c84a4468953782b599
      size: 140
