schema: '2.0'
stages:
  data_ingestion:
    cmd: python3 src/data_ingestion.py
    deps:
    - path: src/data_ingestion.py
      hash: md5
      md5: 9ac4ccc20fe20f207536eb5f71ca7e6a
      size: 3577
    params:
      params.yaml:
        data_ingestion.test_size: 0.2
    outs:
    - path: data/raw
      hash: md5
      md5: 6a4d11ab83c20d7412f4696595c0b4d1.dir
      size: 479272
      nfiles: 2
  data_preprocessing:
    cmd: python3 src/data_preprocessing.py
    deps:
    - path: data/raw
      hash: md5
      md5: 6a4d11ab83c20d7412f4696595c0b4d1.dir
      size: 479272
      nfiles: 2
    - path: src/data_preprocessing.py
      hash: md5
      md5: a6237601eeb0babc128695537ce2b7a0
      size: 3877
    outs:
    - path: data/interim
      hash: md5
      md5: d3f80ea917209a657caed01201ee2780.dir
      size: 254818
      nfiles: 2
  feature_engineering:
    cmd: python3 src/feature_engineering.py
    deps:
    - path: data/interim
      hash: md5
      md5: d3f80ea917209a657caed01201ee2780.dir
      size: 254818
      nfiles: 2
    - path: src/feature_engineering.py
      hash: md5
      md5: 098e7944742724d813e2e5e490c1c976
      size: 3828
    params:
      params.yaml:
        feature_engineering.max_features: 50
    outs:
    - path: data/processed
      hash: md5
      md5: 9e6230554d4beb29266909bded6b9da8.dir
      size: 1174757
      nfiles: 2
  model_building:
    cmd: python3 src/model_building.py
    deps:
    - path: data/processed
      hash: md5
      md5: 9e6230554d4beb29266909bded6b9da8.dir
      size: 1174757
      nfiles: 2
    - path: src/model_building.py
      hash: md5
      md5: 65071b831c2d0df5ddb3020b7ff1d81d
      size: 4370
    params:
      params.yaml:
        model_building.n_estimators: 25
        model_building.random_state: 2
    outs:
    - path: models/model.pkl
      hash: md5
      md5: 28b871417f7a55481e7da83c5dc1ed55
      size: 998379
  model_evaluation:
    cmd: python3 src/model_evaluation.py
    deps:
    - path: models/model.pkl
      hash: md5
      md5: 28b871417f7a55481e7da83c5dc1ed55
      size: 998379
    - path: src/model_evaluation.py
      hash: md5
      md5: e428f4fac32e8ee14b64e813fb297295
      size: 4515
    outs:
    - path: reports/metrics.json
      hash: md5
      md5: b5787b27ec5636c84a4468953782b599
      size: 140
